
Microsoft Visual Studio Solution File, Format Version 12.00
# Visual Studio Version 16
VisualStudioVersion = 16.0.30204.135
MinimumVisualStudioVersion = 10.0.40219.1
Project("{FAE04EC0-301F-11D3-BF4B-00C04F79EFBC}") = "RentalVideo", "RentalVideo\RentalVideo.csproj", "{BBFA5914-6D02-4824-A850-3CB10C1873F1}"
EndProject
Global
	GlobalSection(SolutionConfigurationPlatforms) = preSolution
		Debug|Any CPU = Debug|Any CPU
		Release|Any CPU = Release|Any CPU
	EndGlobalSection
	GlobalSection(ProjectConfigurationPlatforms) = postSolution
		{BBFA5914-6D02-4824-A850-3CB10C1873F1}.Debug|Any CPU.ActiveCfg = Debug|Any CPU
		{BBFA5914-6D02-4824-A850-3CB10C1873F1}.Debug|Any CPU.Build.0 = Debug|Any CPU
		{BBFA5914-6D02-4824-A850-3CB10C1873F1}.Release|Any CPU.ActiveCfg = Release|Any CPU
		{BBFA5914-6D02-4824-A850-3CB10C1873F1}.Release|Any CPU.Build.0 = Release|Any CPU
	EndGlobalSection
	GlobalSection(SolutionProperties) = preSolution
		HideSolutionNode = FALSE
	EndGlobalSection
	GlobalSection(ExtensibilityGlobals) = postSolution
		SolutionGuid = {2824CC5C-3A19-4AC4-88F8-E6A2A0DD819D}
	EndGlobalSection
EndGlobal
